
Microsoft Visual Studio Solution File, Format Version 12.00
# Visual Studio 15
Project("{FAE04EC0-301F-11D3-BF4B-00C04F79EFBC}") = "simple-benefits-api", "simple-benefits-api\simple-benefits-api.csproj", "{E3050F23-A8C0-47AF-912E-E7C900295C02}"
EndProject
Global
	GlobalSection(SolutionConfigurationPlatforms) = preSolution
		Debug|Any CPU = Debug|Any CPU
		Release|Any CPU = Release|Any CPU
	EndGlobalSection
	GlobalSection(ProjectConfigurationPlatforms) = postSolution
		{E3050F23-A8C0-47AF-912E-E7C900295C02}.Debug|Any CPU.ActiveCfg = Debug|Any CPU
		{E3050F23-A8C0-47AF-912E-E7C900295C02}.Debug|Any CPU.Build.0 = Debug|Any CPU
		{E3050F23-A8C0-47AF-912E-E7C900295C02}.Release|Any CPU.ActiveCfg = Release|Any CPU
		{E3050F23-A8C0-47AF-912E-E7C900295C02}.Release|Any CPU.Build.0 = Release|Any CPU
	EndGlobalSection
EndGlobal
